{
  "name": "shepherd",
  "version": "0.0.0",
  "lockfileVersion": 3,
  "requires": true,
  "packages": {
    "": {
      "name": "shepherd",
      "version": "0.0.0",
      "dependencies": {
        "axios": "^1.3.4",
        "date-fns": "^2.29.3",
        "fuse.js": "^6.6.2",
        "lucide-svelte": "^0.139.0",
        "svelte-navigator": "^3.2.2"
      },
      "devDependencies": {
        "@sveltejs/vite-plugin-svelte": "^2.0.3",
        "autoprefixer": "^10.4.14",
        "postcss": "^8.4.21",
        "postcss-nesting": "^11.2.1",
        "svelte": "^3.55.1",
        "vite": "^4.2.0"
      }
    },
    "node_modules/@csstools/selector-specificity": {
      "version": "2.2.0",
      "resolved": "https://registry.npmjs.org/@csstools/selector-specificity/-/selector-specificity-2.2.0.tgz",
      "integrity": "sha512-+OJ9konv95ClSTOJCmMZqpd5+YGsB2S+x6w3E1oaM8UuR5j8nTNHYSz8c9BEPGDOCMQYIEEGlVPj/VY64iTbGw==",
      "dev": true,
      "engines": {
        "node": "^14 || ^16 || >=18"
      },
      "funding": {
        "type": "opencollective",
        "url": "https://opencollective.com/csstools"
      },
      "peerDependencies": {
        "postcss-selector-parser": "^6.0.10"
      }
    },
    "node_modules/@esbuild/android-arm": {
      "version": "0.17.13",
      "resolved": "https://registry.npmjs.org/@esbuild/android-arm/-/android-arm-0.17.13.tgz",
      "integrity": "sha512-5tZZ/hLIfBmt7E8JsE5KbsknoAFmoElkg+A/gjyPtmSQvJjPf+9GsSJihid8VMa08lrsYyaEXOT9RLh3xXQONw==",
      "cpu": [
        "arm"
      ],
      "dev": true,
      "optional": true,
      "os": [
        "android"
      ],
      "engines": {
        "node": ">=12"
      }
    },
    "node_modules/@esbuild/android-arm64": {
      "version": "0.17.13",
      "resolved": "https://registry.npmjs.org/@esbuild/android-arm64/-/android-arm64-0.17.13.tgz",
      "integrity": "sha512-F5DgvJMV2ZEpLNpPCO7FEk1wy8O5tg6cikWSB6uvvncsgE1xgbPlm+Boio/4820C2/mj713X83X1h01v0qoeHg==",
      "cpu": [
        "arm64"
      ],
      "dev": true,
      "optional": true,
      "os": [
        "android"
      ],
      "engines": {
        "node": ">=12"
      }
    },
    "node_modules/@esbuild/android-x64": {
      "version": "0.17.13",
      "resolved": "https://registry.npmjs.org/@esbuild/android-x64/-/android-x64-0.17.13.tgz",
      "integrity": "sha512-5m1UUslzpfVrumG3m3Zv2x9VNAcvMOQWJy009y6jt10tcHpzIq2/b0I0k4fz0QYqGSNS1GteRIhVPN4H7OyCXg==",
      "cpu": [
        "x64"
      ],
      "dev": true,
      "optional": true,
      "os": [
        "android"
      ],
      "engines": {
        "node": ">=12"
      }
    },
    "node_modules/@esbuild/darwin-arm64": {
      "version": "0.17.13",
      "resolved": "https://registry.npmjs.org/@esbuild/darwin-arm64/-/darwin-arm64-0.17.13.tgz",
      "integrity": "sha512-TXbXp/05r7heRsG8yWwbHw9diay+wXIyRNcIHFoNARRIGahYbTW/qwJzE37zkfxLIUPHgR/SyLTUlnTICg14ag==",
      "cpu": [
        "arm64"
      ],
      "dev": true,
      "optional": true,
      "os": [
        "darwin"
      ],
      "engines": {
        "node": ">=12"
      }
    },
    "node_modules/@esbuild/darwin-x64": {
      "version": "0.17.13",
      "resolved": "https://registry.npmjs.org/@esbuild/darwin-x64/-/darwin-x64-0.17.13.tgz",
      "integrity": "sha512-Ku9Db2sblCxFvQdEO7X9nBaLR/S81uch81e2Q2+Os5z1NcnsFjuqhIYH0Gm6KNNpIKaEbC7gCLbiIPbLLMX4Pg==",
      "cpu": [
        "x64"
      ],
      "dev": true,
      "optional": true,
      "os": [
        "darwin"
      ],
      "engines": {
        "node": ">=12"
      }
    },
    "node_modules/@esbuild/freebsd-arm64": {
      "version": "0.17.13",
      "resolved": "https://registry.npmjs.org/@esbuild/freebsd-arm64/-/freebsd-arm64-0.17.13.tgz",
      "integrity": "sha512-t1T5/nIf2j+FdSf1Fa3dcU0cXycr0nK4xJe52qjWa+1I249mM5NBY1ODjiabZxZ0x3CG05y4fd9bxfDLy9kQtA==",
      "cpu": [
        "arm64"
      ],
      "dev": true,
      "optional": true,
      "os": [
        "freebsd"
      ],
      "engines": {
        "node": ">=12"
      }
    },
    "node_modules/@esbuild/freebsd-x64": {
      "version": "0.17.13",
      "resolved": "https://registry.npmjs.org/@esbuild/freebsd-x64/-/freebsd-x64-0.17.13.tgz",
      "integrity": "sha512-/zbkgEO4gY2qGZr9UNAGI38w/FwUY4bx4EC88k9VeiCKNr3ukNgwH/oIgB5Z9/OqpkNLlcS4w9e2d/MIiy5fbw==",
      "cpu": [
        "x64"
      ],
      "dev": true,
      "optional": true,
      "os": [
        "freebsd"
      ],
      "engines": {
        "node": ">=12"
      }
    },
    "node_modules/@esbuild/linux-arm": {
      "version": "0.17.13",
      "resolved": "https://registry.npmjs.org/@esbuild/linux-arm/-/linux-arm-0.17.13.tgz",
      "integrity": "sha512-RrhjzrCF6aCDH248nUAQoldnRmN7nHMxv85GOj5AH+qkxxYvcig7fnUmgANngntRu4btXhN9WKHMgQ5seERDMw==",
      "cpu": [
        "arm"
      ],
      "dev": true,
      "optional": true,
      "os": [
        "linux"
      ],
      "engines": {
        "node": ">=12"
      }
    },
    "node_modules/@esbuild/linux-arm64": {
      "version": "0.17.13",
      "resolved": "https://registry.npmjs.org/@esbuild/linux-arm64/-/linux-arm64-0.17.13.tgz",
      "integrity": "sha512-siu3QZrQ7eGrSttvFaRKyjT7kNRbUuHEKzCCyqRh19MbpGokGY13jbIsBEjx6JmH3T50hds325oweS9Ey2ihAQ==",
      "cpu": [
        "arm64"
      ],
      "dev": true,
      "optional": true,
      "os": [
        "linux"
      ],
      "engines": {
        "node": ">=12"
      }
    },
    "node_modules/@esbuild/linux-ia32": {
      "version": "0.17.13",
      "resolved": "https://registry.npmjs.org/@esbuild/linux-ia32/-/linux-ia32-0.17.13.tgz",
      "integrity": "sha512-ADHA1PqP5gIegehVP0RvxMmNPxpLgetI8QCwYOjUheGXKIKWSdUN8ZS3rusQv3NGZmFCpYdMZzFoI0QtzzGAdw==",
      "cpu": [
        "ia32"
      ],
      "dev": true,
      "optional": true,
      "os": [
        "linux"
      ],
      "engines": {
        "node": ">=12"
      }
    },
    "node_modules/@esbuild/linux-loong64": {
      "version": "0.17.13",
      "resolved": "https://registry.npmjs.org/@esbuild/linux-loong64/-/linux-loong64-0.17.13.tgz",
      "integrity": "sha512-n1JQPxETmR0brkpWlJHeohReEPLH+m00bnJdNnFyHN3zLBt1QypevuZSmnmFWsC+7r7HTwWILj3lBDjtPH3ydg==",
      "cpu": [
        "loong64"
      ],
      "dev": true,
      "optional": true,
      "os": [
        "linux"
      ],
      "engines": {
        "node": ">=12"
      }
    },
    "node_modules/@esbuild/linux-mips64el": {
      "version": "0.17.13",
      "resolved": "https://registry.npmjs.org/@esbuild/linux-mips64el/-/linux-mips64el-0.17.13.tgz",
      "integrity": "sha512-d0pnD/j5KKQ43xtSIvOD+wNIy6D/Vh9GbXVRa3u4zCyiJMYWjxkPkbBzlEgNjdDmUM+5gBFen9k7B8Xscy+Myg==",
      "cpu": [
        "mips64el"
      ],
      "dev": true,
      "optional": true,
      "os": [
        "linux"
      ],
      "engines": {
        "node": ">=12"
      }
    },
    "node_modules/@esbuild/linux-ppc64": {
      "version": "0.17.13",
      "resolved": "https://registry.npmjs.org/@esbuild/linux-ppc64/-/linux-ppc64-0.17.13.tgz",
      "integrity": "sha512-C9sMpa/VcGLjVtsT01sXtzZNS7bAZ+icUclkKkiUwBQ9hzT+J+/Xpj+EykI5hB3KgtxQVo4XUahanFoZNxbQ1g==",
      "cpu": [
        "ppc64"
      ],
      "dev": true,
      "optional": true,
      "os": [
        "linux"
      ],
      "engines": {
        "node": ">=12"
      }
    },
    "node_modules/@esbuild/linux-riscv64": {
      "version": "0.17.13",
      "resolved": "https://registry.npmjs.org/@esbuild/linux-riscv64/-/linux-riscv64-0.17.13.tgz",
      "integrity": "sha512-jYkc5EpNpvjccAHNYekiAtklusVGWftR0VVLtng7dJzDyy+5adAsf1fOG3LllP0WALxS55/w6boLE/728J/bXw==",
      "cpu": [
        "riscv64"
      ],
      "dev": true,
      "optional": true,
      "os": [
        "linux"
      ],
      "engines": {
        "node": ">=12"
      }
    },
    "node_modules/@esbuild/linux-s390x": {
      "version": "0.17.13",
      "resolved": "https://registry.npmjs.org/@esbuild/linux-s390x/-/linux-s390x-0.17.13.tgz",
      "integrity": "sha512-4jAJI5O6E/hATL4lsrG2A+noDjZ377KlATVFKwV3SWaNHj+OvoXe/T84ScQIXEtPI7ndJyLkMYruXj8RR5Ilyw==",
      "cpu": [
        "s390x"
      ],
      "dev": true,
      "optional": true,
      "os": [
        "linux"
      ],
      "engines": {
        "node": ">=12"
      }
    },
    "node_modules/@esbuild/linux-x64": {
      "version": "0.17.13",
      "resolved": "https://registry.npmjs.org/@esbuild/linux-x64/-/linux-x64-0.17.13.tgz",
      "integrity": "sha512-eFLQhJq98qijGRcv9je/9M4Mz1suZ+pOtj62ArsLd0gubNGhhQDz6T30X2X3f1KZ8lkKkr+zN5vtZzx1GAMoFw==",
      "cpu": [
        "x64"
      ],
      "dev": true,
      "optional": true,
      "os": [
        "linux"
      ],
      "engines": {
        "node": ">=12"
      }
    },
    "node_modules/@esbuild/netbsd-x64": {
      "version": "0.17.13",
      "resolved": "https://registry.npmjs.org/@esbuild/netbsd-x64/-/netbsd-x64-0.17.13.tgz",
      "integrity": "sha512-F8PXDeT+3eQpPjf4bmNJapPLu0SKKlWRGPQvBQqVS+YDGoMKnyyYp2UENLFMV8zT7kS39zKxZRZvUL3fMz/7Ww==",
      "cpu": [
        "x64"
      ],
      "dev": true,
      "optional": true,
      "os": [
        "netbsd"
      ],
      "engines": {
        "node": ">=12"
      }
    },
    "node_modules/@esbuild/openbsd-x64": {
      "version": "0.17.13",
      "resolved": "https://registry.npmjs.org/@esbuild/openbsd-x64/-/openbsd-x64-0.17.13.tgz",
      "integrity": "sha512-9jWfzbFCnIZdHjNs+00KQHArUbp7kjQDNmiuqkwGOQFs67m4/dKNupBv2DP5hTqVlQY4tW4RG3qpb6Y3zOHJeA==",
      "cpu": [
        "x64"
      ],
      "dev": true,
      "optional": true,
      "os": [
        "openbsd"
      ],
      "engines": {
        "node": ">=12"
      }
    },
    "node_modules/@esbuild/sunos-x64": {
      "version": "0.17.13",
      "resolved": "https://registry.npmjs.org/@esbuild/sunos-x64/-/sunos-x64-0.17.13.tgz",
      "integrity": "sha512-ALbOMlTIBkAVi6KqYjONa7u2oH95RN7OpetFqMtjufFLBiSaayRuwUzhs2yuR9CfGT4qi0jv6HQDav+EG314TQ==",
      "cpu": [
        "x64"
      ],
      "dev": true,
      "optional": true,
      "os": [
        "sunos"
      ],
      "engines": {
        "node": ">=12"
      }
    },
    "node_modules/@esbuild/win32-arm64": {
      "version": "0.17.13",
      "resolved": "https://registry.npmjs.org/@esbuild/win32-arm64/-/win32-arm64-0.17.13.tgz",
      "integrity": "sha512-FJBLYL4PkrZGeuHzEqme+0DjNetxkJ+XbB+Aoeow7aQ53JCwsA0/mo8sS5aPkDHgCnMkN4A5GLoFTlDj3BKDrQ==",
      "cpu": [
        "arm64"
      ],
      "dev": true,
      "optional": true,
      "os": [
        "win32"
      ],
      "engines": {
        "node": ">=12"
      }
    },
    "node_modules/@esbuild/win32-ia32": {
      "version": "0.17.13",
      "resolved": "https://registry.npmjs.org/@esbuild/win32-ia32/-/win32-ia32-0.17.13.tgz",
      "integrity": "sha512-Qrvst9RkLz4qgi3hqswNliYuKW92/HGJnd7xLWkGaGPa8S4qsONf81FW0ebDc5iUHb0I7QJwQATutvghTabnFA==",
      "cpu": [
        "ia32"
      ],
      "dev": true,
      "optional": true,
      "os": [
        "win32"
      ],
      "engines": {
        "node": ">=12"
      }
    },
    "node_modules/@esbuild/win32-x64": {
      "version": "0.17.13",
      "resolved": "https://registry.npmjs.org/@esbuild/win32-x64/-/win32-x64-0.17.13.tgz",
      "integrity": "sha512-pZ/NIgz861XaUPlIkPFjP55nJ4PJa0o/CD4zgeRb1Q9FVE+8GvdB6ifJcK05jRhny5hKExhnRFIdgHmmCYH8vg==",
      "cpu": [
        "x64"
      ],
      "dev": true,
      "optional": true,
      "os": [
        "win32"
      ],
      "engines": {
        "node": ">=12"
      }
    },
    "node_modules/@jridgewell/sourcemap-codec": {
      "version": "1.4.14",
      "resolved": "https://registry.npmjs.org/@jridgewell/sourcemap-codec/-/sourcemap-codec-1.4.14.tgz",
      "integrity": "sha512-XPSJHWmi394fuUuzDnGz1wiKqWfo1yXecHQMRf2l6hztTO+nPru658AyDngaBe7isIxEkRsPR3FZh+s7iVa4Uw==",
      "dev": true
    },
    "node_modules/@sveltejs/vite-plugin-svelte": {
      "version": "2.0.3",
      "resolved": "https://registry.npmjs.org/@sveltejs/vite-plugin-svelte/-/vite-plugin-svelte-2.0.3.tgz",
      "integrity": "sha512-o+cguBFdwIGtRbNkYOyqTM7KvRUffxh5bfK4oJsWKG2obu+v/cbpT03tJrGl58C7tRXo/aEC0/axN5FVHBj0nA==",
      "dev": true,
      "dependencies": {
        "debug": "^4.3.4",
        "deepmerge": "^4.3.0",
        "kleur": "^4.1.5",
        "magic-string": "^0.29.0",
        "svelte-hmr": "^0.15.1",
        "vitefu": "^0.2.4"
      },
      "engines": {
        "node": "^14.18.0 || >= 16"
      },
      "peerDependencies": {
        "svelte": "^3.54.0",
        "vite": "^4.0.0"
      }
    },
    "node_modules/asynckit": {
      "version": "0.4.0",
      "resolved": "https://registry.npmjs.org/asynckit/-/asynckit-0.4.0.tgz",
      "integrity": "sha512-Oei9OH4tRh0YqU3GxhX79dM/mwVgvbZJaSNaRk+bshkj0S5cfHcgYakreBjrHwatXKbz+IoIdYLxrKim2MjW0Q=="
    },
    "node_modules/autoprefixer": {
      "version": "10.4.14",
      "resolved": "https://registry.npmjs.org/autoprefixer/-/autoprefixer-10.4.14.tgz",
      "integrity": "sha512-FQzyfOsTlwVzjHxKEqRIAdJx9niO6VCBCoEwax/VLSoQF29ggECcPuBqUMZ+u8jCZOPSy8b8/8KnuFbp0SaFZQ==",
      "dev": true,
      "funding": [
        {
          "type": "opencollective",
          "url": "https://opencollective.com/postcss/"
        },
        {
          "type": "tidelift",
          "url": "https://tidelift.com/funding/github/npm/autoprefixer"
        }
      ],
      "dependencies": {
        "browserslist": "^4.21.5",
        "caniuse-lite": "^1.0.30001464",
        "fraction.js": "^4.2.0",
        "normalize-range": "^0.1.2",
        "picocolors": "^1.0.0",
        "postcss-value-parser": "^4.2.0"
      },
      "bin": {
        "autoprefixer": "bin/autoprefixer"
      },
      "engines": {
        "node": "^10 || ^12 || >=14"
      },
      "peerDependencies": {
        "postcss": "^8.1.0"
      }
    },
    "node_modules/axios": {
      "version": "1.3.4",
      "resolved": "https://registry.npmjs.org/axios/-/axios-1.3.4.tgz",
      "integrity": "sha512-toYm+Bsyl6VC5wSkfkbbNB6ROv7KY93PEBBL6xyDczaIHasAiv4wPqQ/c4RjoQzipxRD2W5g21cOqQulZ7rHwQ==",
      "dependencies": {
        "follow-redirects": "^1.15.0",
        "form-data": "^4.0.0",
        "proxy-from-env": "^1.1.0"
      }
    },
    "node_modules/browserslist": {
      "version": "4.21.5",
      "resolved": "https://registry.npmjs.org/browserslist/-/browserslist-4.21.5.tgz",
      "integrity": "sha512-tUkiguQGW7S3IhB7N+c2MV/HZPSCPAAiYBZXLsBhFB/PCy6ZKKsZrmBayHV9fdGV/ARIfJ14NkxKzRDjvp7L6w==",
      "dev": true,
      "funding": [
        {
          "type": "opencollective",
          "url": "https://opencollective.com/browserslist"
        },
        {
          "type": "tidelift",
          "url": "https://tidelift.com/funding/github/npm/browserslist"
        }
      ],
      "dependencies": {
        "caniuse-lite": "^1.0.30001449",
        "electron-to-chromium": "^1.4.284",
        "node-releases": "^2.0.8",
        "update-browserslist-db": "^1.0.10"
      },
      "bin": {
        "browserslist": "cli.js"
      },
      "engines": {
        "node": "^6 || ^7 || ^8 || ^9 || ^10 || ^11 || ^12 || >=13.7"
      }
    },
    "node_modules/caniuse-lite": {
      "version": "1.0.30001469",
      "resolved": "https://registry.npmjs.org/caniuse-lite/-/caniuse-lite-1.0.30001469.tgz",
      "integrity": "sha512-Rcp7221ScNqQPP3W+lVOYDyjdR6dC+neEQCttoNr5bAyz54AboB4iwpnWgyi8P4YUsPybVzT4LgWiBbI3drL4g==",
      "dev": true,
      "funding": [
        {
          "type": "opencollective",
          "url": "https://opencollective.com/browserslist"
        },
        {
          "type": "tidelift",
          "url": "https://tidelift.com/funding/github/npm/caniuse-lite"
        }
      ]
    },
    "node_modules/combined-stream": {
      "version": "1.0.8",
      "resolved": "https://registry.npmjs.org/combined-stream/-/combined-stream-1.0.8.tgz",
      "integrity": "sha512-FQN4MRfuJeHf7cBbBMJFXhKSDq+2kAArBlmRBvcvFE5BB1HZKXtSFASDhdlz9zOYwxh8lDdnvmMOe/+5cdoEdg==",
      "dependencies": {
        "delayed-stream": "~1.0.0"
      },
      "engines": {
        "node": ">= 0.8"
      }
    },
    "node_modules/cssesc": {
      "version": "3.0.0",
      "resolved": "https://registry.npmjs.org/cssesc/-/cssesc-3.0.0.tgz",
      "integrity": "sha512-/Tb/JcjK111nNScGob5MNtsntNM1aCNUDipB/TkwZFhyDrrE47SOx/18wF2bbjgc3ZzCSKW1T5nt5EbFoAz/Vg==",
      "dev": true,
      "bin": {
        "cssesc": "bin/cssesc"
      },
      "engines": {
        "node": ">=4"
      }
    },
    "node_modules/date-fns": {
      "version": "2.29.3",
      "resolved": "https://registry.npmjs.org/date-fns/-/date-fns-2.29.3.tgz",
      "integrity": "sha512-dDCnyH2WnnKusqvZZ6+jA1O51Ibt8ZMRNkDZdyAyK4YfbDwa/cEmuztzG5pk6hqlp9aSBPYcjOlktquahGwGeA==",
      "engines": {
        "node": ">=0.11"
      },
      "funding": {
        "type": "opencollective",
        "url": "https://opencollective.com/date-fns"
      }
    },
    "node_modules/debug": {
      "version": "4.3.4",
      "resolved": "https://registry.npmjs.org/debug/-/debug-4.3.4.tgz",
      "integrity": "sha512-PRWFHuSU3eDtQJPvnNY7Jcket1j0t5OuOsFzPPzsekD52Zl8qUfFIPEiswXqIvHWGVHOgX+7G/vCNNhehwxfkQ==",
      "dev": true,
      "dependencies": {
        "ms": "2.1.2"
      },
      "engines": {
        "node": ">=6.0"
      },
      "peerDependenciesMeta": {
        "supports-color": {
          "optional": true
        }
      }
    },
    "node_modules/dedent-js": {
      "version": "1.0.1",
      "resolved": "https://registry.npmjs.org/dedent-js/-/dedent-js-1.0.1.tgz",
      "integrity": "sha512-OUepMozQULMLUmhxS95Vudo0jb0UchLimi3+pQ2plj61Fcy8axbP9hbiD4Sz6DPqn6XG3kfmziVfQ1rSys5AJQ=="
    },
    "node_modules/deepmerge": {
      "version": "4.3.1",
      "resolved": "https://registry.npmjs.org/deepmerge/-/deepmerge-4.3.1.tgz",
      "integrity": "sha512-3sUqbMEc77XqpdNO7FRyRog+eW3ph+GYCbj+rK+uYyRMuwsVy0rMiVtPn+QJlKFvWP/1PYpapqYn0Me2knFn+A==",
      "dev": true,
      "engines": {
        "node": ">=0.10.0"
      }
    },
    "node_modules/delayed-stream": {
      "version": "1.0.0",
      "resolved": "https://registry.npmjs.org/delayed-stream/-/delayed-stream-1.0.0.tgz",
      "integrity": "sha512-ZySD7Nf91aLB0RxL4KGrKHBXl7Eds1DAmEdcoVawXnLD7SDhpNgtuII2aAkg7a7QS41jxPSZ17p4VdGnMHk3MQ==",
      "engines": {
        "node": ">=0.4.0"
      }
    },
    "node_modules/electron-to-chromium": {
      "version": "1.4.340",
      "resolved": "https://registry.npmjs.org/electron-to-chromium/-/electron-to-chromium-1.4.340.tgz",
      "integrity": "sha512-zx8hqumOqltKsv/MF50yvdAlPF9S/4PXbyfzJS6ZGhbddGkRegdwImmfSVqCkEziYzrIGZ/TlrzBND4FysfkDg==",
      "dev": true
    },
    "node_modules/esbuild": {
      "version": "0.17.13",
      "resolved": "https://registry.npmjs.org/esbuild/-/esbuild-0.17.13.tgz",
      "integrity": "sha512-4ixMwdErBcQHgTBeoxnowENCPKWFAGxgTyKHMK8gqn9sZaC7ZNWFKtim16g2rzQ2b/FYyy3lIUUJboFtjolhqg==",
      "dev": true,
      "hasInstallScript": true,
      "bin": {
        "esbuild": "bin/esbuild"
      },
      "engines": {
        "node": ">=12"
      },
      "optionalDependencies": {
        "@esbuild/android-arm": "0.17.13",
        "@esbuild/android-arm64": "0.17.13",
        "@esbuild/android-x64": "0.17.13",
        "@esbuild/darwin-arm64": "0.17.13",
        "@esbuild/darwin-x64": "0.17.13",
        "@esbuild/freebsd-arm64": "0.17.13",
        "@esbuild/freebsd-x64": "0.17.13",
        "@esbuild/linux-arm": "0.17.13",
        "@esbuild/linux-arm64": "0.17.13",
        "@esbuild/linux-ia32": "0.17.13",
        "@esbuild/linux-loong64": "0.17.13",
        "@esbuild/linux-mips64el": "0.17.13",
        "@esbuild/linux-ppc64": "0.17.13",
        "@esbuild/linux-riscv64": "0.17.13",
        "@esbuild/linux-s390x": "0.17.13",
        "@esbuild/linux-x64": "0.17.13",
        "@esbuild/netbsd-x64": "0.17.13",
        "@esbuild/openbsd-x64": "0.17.13",
        "@esbuild/sunos-x64": "0.17.13",
        "@esbuild/win32-arm64": "0.17.13",
        "@esbuild/win32-ia32": "0.17.13",
        "@esbuild/win32-x64": "0.17.13"
      }
    },
    "node_modules/escalade": {
      "version": "3.1.1",
      "resolved": "https://registry.npmjs.org/escalade/-/escalade-3.1.1.tgz",
      "integrity": "sha512-k0er2gUkLf8O0zKJiAhmkTnJlTvINGv7ygDNPbeIsX/TJjGJZHuh9B2UxbsaEkmlEo9MfhrSzmhIlhRlI2GXnw==",
      "dev": true,
      "engines": {
        "node": ">=6"
      }
    },
    "node_modules/follow-redirects": {
      "version": "1.15.2",
      "resolved": "https://registry.npmjs.org/follow-redirects/-/follow-redirects-1.15.2.tgz",
      "integrity": "sha512-VQLG33o04KaQ8uYi2tVNbdrWp1QWxNNea+nmIB4EVM28v0hmP17z7aG1+wAkNzVq4KeXTq3221ye5qTJP91JwA==",
      "funding": [
        {
          "type": "individual",
          "url": "https://github.com/sponsors/RubenVerborgh"
        }
      ],
      "engines": {
        "node": ">=4.0"
      },
      "peerDependenciesMeta": {
        "debug": {
          "optional": true
        }
      }
    },
    "node_modules/form-data": {
      "version": "4.0.0",
      "resolved": "https://registry.npmjs.org/form-data/-/form-data-4.0.0.tgz",
      "integrity": "sha512-ETEklSGi5t0QMZuiXoA/Q6vcnxcLQP5vdugSpuAyi6SVGi2clPPp+xgEhuMaHC+zGgn31Kd235W35f7Hykkaww==",
      "dependencies": {
        "asynckit": "^0.4.0",
        "combined-stream": "^1.0.8",
        "mime-types": "^2.1.12"
      },
      "engines": {
        "node": ">= 6"
      }
    },
    "node_modules/fraction.js": {
      "version": "4.2.0",
      "resolved": "https://registry.npmjs.org/fraction.js/-/fraction.js-4.2.0.tgz",
      "integrity": "sha512-MhLuK+2gUcnZe8ZHlaaINnQLl0xRIGRfcGk2yl8xoQAfHrSsL3rYu6FCmBdkdbhc9EPlwyGHewaRsvwRMJtAlA==",
      "dev": true,
      "engines": {
        "node": "*"
      },
      "funding": {
        "type": "patreon",
        "url": "https://www.patreon.com/infusion"
      }
    },
    "node_modules/fsevents": {
      "version": "2.3.2",
      "resolved": "https://registry.npmjs.org/fsevents/-/fsevents-2.3.2.tgz",
      "integrity": "sha512-xiqMQR4xAeHTuB9uWm+fFRcIOgKBMiOBP+eXiyT7jsgVCq1bkVygt00oASowB7EdtpOHaaPgKt812P9ab+DDKA==",
      "dev": true,
      "hasInstallScript": true,
      "optional": true,
      "os": [
        "darwin"
      ],
      "engines": {
        "node": "^8.16.0 || ^10.6.0 || >=11.0.0"
      }
    },
    "node_modules/function-bind": {
      "version": "1.1.1",
      "resolved": "https://registry.npmjs.org/function-bind/-/function-bind-1.1.1.tgz",
      "integrity": "sha512-yIovAzMX49sF8Yl58fSCWJ5svSLuaibPxXQJFLmBObTuCr0Mf1KiPopGM9NiFjiYBCbfaa2Fh6breQ6ANVTI0A==",
      "dev": true
    },
    "node_modules/fuse.js": {
      "version": "6.6.2",
      "resolved": "https://registry.npmjs.org/fuse.js/-/fuse.js-6.6.2.tgz",
      "integrity": "sha512-cJaJkxCCxC8qIIcPBF9yGxY0W/tVZS3uEISDxhYIdtk8OL93pe+6Zj7LjCqVV4dzbqcriOZ+kQ/NE4RXZHsIGA==",
      "engines": {
        "node": ">=10"
      }
    },
    "node_modules/has": {
      "version": "1.0.3",
      "resolved": "https://registry.npmjs.org/has/-/has-1.0.3.tgz",
      "integrity": "sha512-f2dvO0VU6Oej7RkWJGrehjbzMAjFp5/VKPp5tTpWIV4JHHZK1/BxbFRtf/siA2SWTe09caDmVtYYzWEIbBS4zw==",
      "dev": true,
      "dependencies": {
        "function-bind": "^1.1.1"
      },
      "engines": {
        "node": ">= 0.4.0"
      }
    },
    "node_modules/is-core-module": {
      "version": "2.11.0",
      "resolved": "https://registry.npmjs.org/is-core-module/-/is-core-module-2.11.0.tgz",
      "integrity": "sha512-RRjxlvLDkD1YJwDbroBHMb+cukurkDWNyHx7D3oNB5x9rb5ogcksMC5wHCadcXoo67gVr/+3GFySh3134zi6rw==",
      "dev": true,
      "dependencies": {
        "has": "^1.0.3"
      },
      "funding": {
        "url": "https://github.com/sponsors/ljharb"
      }
    },
    "node_modules/kleur": {
      "version": "4.1.5",
      "resolved": "https://registry.npmjs.org/kleur/-/kleur-4.1.5.tgz",
      "integrity": "sha512-o+NO+8WrRiQEE4/7nwRJhN1HWpVmJm511pBHUxPLtp0BUISzlBplORYSmTclCnJvQq2tKu/sgl3xVpkc7ZWuQQ==",
      "dev": true,
      "engines": {
        "node": ">=6"
      }
    },
    "node_modules/lower-case": {
      "version": "2.0.2",
      "resolved": "https://registry.npmjs.org/lower-case/-/lower-case-2.0.2.tgz",
      "integrity": "sha512-7fm3l3NAF9WfN6W3JOmf5drwpVqX78JtoGJ3A6W0a6ZnldM41w2fV5D490psKFTpMds8TJse/eHLFFsNHHjHgg==",
      "dependencies": {
        "tslib": "^2.0.3"
      }
    },
    "node_modules/lucide-svelte": {
      "version": "0.139.0",
      "resolved": "https://registry.npmjs.org/lucide-svelte/-/lucide-svelte-0.139.0.tgz",
      "integrity": "sha512-UnvdxLzRf8ZUsYyIkOFzLGdVdf1OMYH+2g/hPFNMjTkpIx82yd4N96o/cJFE6shXQsR1zW5X6vvqTZ1SKK4rjQ==",
      "peerDependencies": {
        "svelte": "^3.49.0"
      }
    },
    "node_modules/magic-string": {
      "version": "0.29.0",
      "resolved": "https://registry.npmjs.org/magic-string/-/magic-string-0.29.0.tgz",
      "integrity": "sha512-WcfidHrDjMY+eLjlU+8OvwREqHwpgCeKVBUpQ3OhYYuvfaYCUgcbuBzappNzZvg/v8onU3oQj+BYpkOJe9Iw4Q==",
      "dev": true,
      "dependencies": {
        "@jridgewell/sourcemap-codec": "^1.4.13"
      },
      "engines": {
        "node": ">=12"
      }
    },
    "node_modules/mime-db": {
      "version": "1.52.0",
      "resolved": "https://registry.npmjs.org/mime-db/-/mime-db-1.52.0.tgz",
      "integrity": "sha512-sPU4uV7dYlvtWJxwwxHD0PuihVNiE7TyAbQ5SWxDCB9mUYvOgroQOwYQQOKPJ8CIbE+1ETVlOoK1UC2nU3gYvg==",
      "engines": {
        "node": ">= 0.6"
      }
    },
    "node_modules/mime-types": {
      "version": "2.1.35",
      "resolved": "https://registry.npmjs.org/mime-types/-/mime-types-2.1.35.tgz",
      "integrity": "sha512-ZDY+bPm5zTTF+YpCrAU9nK0UgICYPT0QtT1NZWFv4s++TNkcgVaT0g6+4R2uI4MjQjzysHB1zxuWL50hzaeXiw==",
      "dependencies": {
        "mime-db": "1.52.0"
      },
      "engines": {
        "node": ">= 0.6"
      }
    },
    "node_modules/ms": {
      "version": "2.1.2",
      "resolved": "https://registry.npmjs.org/ms/-/ms-2.1.2.tgz",
      "integrity": "sha512-sGkPx+VjMtmA6MX27oA4FBFELFCZZ4S4XqeGOXCv68tT+jb3vk/RyaKWP0PTKyWtmLSM0b+adUTEvbs1PEaH2w==",
      "dev": true
    },
    "node_modules/nanoid": {
      "version": "3.3.4",
      "resolved": "https://registry.npmjs.org/nanoid/-/nanoid-3.3.4.tgz",
      "integrity": "sha512-MqBkQh/OHTS2egovRtLk45wEyNXwF+cokD+1YPf9u5VfJiRdAiRwB2froX5Co9Rh20xs4siNPm8naNotSD6RBw==",
      "dev": true,
      "bin": {
        "nanoid": "bin/nanoid.cjs"
      },
      "engines": {
        "node": "^10 || ^12 || ^13.7 || ^14 || >=15.0.1"
      }
    },
    "node_modules/no-case": {
      "version": "3.0.4",
      "resolved": "https://registry.npmjs.org/no-case/-/no-case-3.0.4.tgz",
      "integrity": "sha512-fgAN3jGAh+RoxUGZHTSOLJIqUc2wmoBwGR4tbpNAKmmovFoWq0OdRkb0VkldReO2a2iBT/OEulG9XSUc10r3zg==",
      "dependencies": {
        "lower-case": "^2.0.2",
        "tslib": "^2.0.3"
      }
    },
    "node_modules/node-releases": {
      "version": "2.0.10",
      "resolved": "https://registry.npmjs.org/node-releases/-/node-releases-2.0.10.tgz",
      "integrity": "sha512-5GFldHPXVG/YZmFzJvKK2zDSzPKhEp0+ZR5SVaoSag9fsL5YgHbUHDfnG5494ISANDcK4KwPXAx2xqVEydmd7w==",
      "dev": true
    },
    "node_modules/normalize-range": {
      "version": "0.1.2",
      "resolved": "https://registry.npmjs.org/normalize-range/-/normalize-range-0.1.2.tgz",
      "integrity": "sha512-bdok/XvKII3nUpklnV6P2hxtMNrCboOjAcyBuQnWEhO665FwrSNRxU+AqpsyvO6LgGYPspN+lu5CLtw4jPRKNA==",
      "dev": true,
      "engines": {
        "node": ">=0.10.0"
      }
    },
    "node_modules/pascal-case": {
      "version": "3.1.2",
      "resolved": "https://registry.npmjs.org/pascal-case/-/pascal-case-3.1.2.tgz",
      "integrity": "sha512-uWlGT3YSnK9x3BQJaOdcZwrnV6hPpd8jFH1/ucpiLRPh/2zCVJKS19E4GvYHvaCcACn3foXZ0cLB9Wrx1KGe5g==",
      "dependencies": {
        "no-case": "^3.0.4",
        "tslib": "^2.0.3"
      }
    },
    "node_modules/path-parse": {
      "version": "1.0.7",
      "resolved": "https://registry.npmjs.org/path-parse/-/path-parse-1.0.7.tgz",
      "integrity": "sha512-LDJzPVEEEPR+y48z93A0Ed0yXb8pAByGWo/k5YYdYgpY2/2EsOsksJrq7lOHxryrVOn1ejG6oAp8ahvOIQD8sw==",
      "dev": true
    },
    "node_modules/picocolors": {
      "version": "1.0.0",
      "resolved": "https://registry.npmjs.org/picocolors/-/picocolors-1.0.0.tgz",
      "integrity": "sha512-1fygroTLlHu66zi26VoTDv8yRgm0Fccecssto+MhsZ0D/DGW2sm8E8AjW7NU5VVTRt5GxbeZ5qBuJr+HyLYkjQ==",
      "dev": true
    },
    "node_modules/postcss": {
      "version": "8.4.21",
      "resolved": "https://registry.npmjs.org/postcss/-/postcss-8.4.21.tgz",
      "integrity": "sha512-tP7u/Sn/dVxK2NnruI4H9BG+x+Wxz6oeZ1cJ8P6G/PZY0IKk4k/63TDsQf2kQq3+qoJeLm2kIBUNlZe3zgb4Zg==",
      "dev": true,
      "funding": [
        {
          "type": "opencollective",
          "url": "https://opencollective.com/postcss/"
        },
        {
          "type": "tidelift",
          "url": "https://tidelift.com/funding/github/npm/postcss"
        }
      ],
      "dependencies": {
        "nanoid": "^3.3.4",
        "picocolors": "^1.0.0",
        "source-map-js": "^1.0.2"
      },
      "engines": {
        "node": "^10 || ^12 || >=14"
      }
    },
    "node_modules/postcss-nesting": {
      "version": "11.2.1",
      "resolved": "https://registry.npmjs.org/postcss-nesting/-/postcss-nesting-11.2.1.tgz",
      "integrity": "sha512-E6Jq74Jo/PbRAtZioON54NPhUNJYxVWhwxbweYl1vAoBYuGlDIts5yhtKiZFLvkvwT73e/9nFrW3oMqAtgG+GQ==",
      "dev": true,
      "dependencies": {
        "@csstools/selector-specificity": "^2.0.0",
        "postcss-selector-parser": "^6.0.10"
      },
      "engines": {
        "node": "^14 || ^16 || >=18"
      },
      "funding": {
        "type": "opencollective",
        "url": "https://opencollective.com/csstools"
      },
      "peerDependencies": {
        "postcss": "^8.4"
      }
    },
    "node_modules/postcss-selector-parser": {
      "version": "6.0.11",
      "resolved": "https://registry.npmjs.org/postcss-selector-parser/-/postcss-selector-parser-6.0.11.tgz",
      "integrity": "sha512-zbARubNdogI9j7WY4nQJBiNqQf3sLS3wCP4WfOidu+p28LofJqDH1tcXypGrcmMHhDk2t9wGhCsYe/+szLTy1g==",
      "dev": true,
      "dependencies": {
        "cssesc": "^3.0.0",
        "util-deprecate": "^1.0.2"
      },
      "engines": {
        "node": ">=4"
      }
    },
    "node_modules/postcss-value-parser": {
      "version": "4.2.0",
      "resolved": "https://registry.npmjs.org/postcss-value-parser/-/postcss-value-parser-4.2.0.tgz",
      "integrity": "sha512-1NNCs6uurfkVbeXG4S8JFT9t19m45ICnif8zWLd5oPSZ50QnwMfK+H3jv408d4jw/7Bttv5axS5IiHoLaVNHeQ==",
      "dev": true
    },
    "node_modules/proxy-from-env": {
      "version": "1.1.0",
      "resolved": "https://registry.npmjs.org/proxy-from-env/-/proxy-from-env-1.1.0.tgz",
      "integrity": "sha512-D+zkORCbA9f1tdWRK0RaCR3GPv50cMxcrz4X8k5LTSUD1Dkw47mKJEZQNunItRTkWwgtaUSo1RVFRIG9ZXiFYg=="
    },
    "node_modules/resolve": {
      "version": "1.22.1",
      "resolved": "https://registry.npmjs.org/resolve/-/resolve-1.22.1.tgz",
      "integrity": "sha512-nBpuuYuY5jFsli/JIs1oldw6fOQCBioohqWZg/2hiaOybXOft4lonv85uDOKXdf8rhyK159cxU5cDcK/NKk8zw==",
      "dev": true,
      "dependencies": {
        "is-core-module": "^2.9.0",
        "path-parse": "^1.0.7",
        "supports-preserve-symlinks-flag": "^1.0.0"
      },
      "bin": {
        "resolve": "bin/resolve"
      },
      "funding": {
        "url": "https://github.com/sponsors/ljharb"
      }
    },
    "node_modules/rollup": {
      "version": "3.20.2",
      "resolved": "https://registry.npmjs.org/rollup/-/rollup-3.20.2.tgz",
      "integrity": "sha512-3zwkBQl7Ai7MFYQE0y1MeQ15+9jsi7XxfrqwTb/9EK8D9C9+//EBR4M+CuA1KODRaNbFez/lWxA5vhEGZp4MUg==",
      "dev": true,
      "bin": {
        "rollup": "dist/bin/rollup"
      },
      "engines": {
        "node": ">=14.18.0",
        "npm": ">=8.0.0"
      },
      "optionalDependencies": {
        "fsevents": "~2.3.2"
      }
    },
    "node_modules/source-map-js": {
      "version": "1.0.2",
      "resolved": "https://registry.npmjs.org/source-map-js/-/source-map-js-1.0.2.tgz",
      "integrity": "sha512-R0XvVJ9WusLiqTCEiGCmICCMplcCkIwwR11mOSD9CR5u+IXYdiseeEuXCVAjS54zqwkLcPNnmU4OeJ6tUrWhDw==",
      "dev": true,
      "engines": {
        "node": ">=0.10.0"
      }
    },
    "node_modules/supports-preserve-symlinks-flag": {
      "version": "1.0.0",
      "resolved": "https://registry.npmjs.org/supports-preserve-symlinks-flag/-/supports-preserve-symlinks-flag-1.0.0.tgz",
      "integrity": "sha512-ot0WnXS9fgdkgIcePe6RHNk1WA8+muPa6cSjeR3V8K27q9BB1rTE3R1p7Hv0z1ZyAc8s6Vvv8DIyWf681MAt0w==",
      "dev": true,
      "engines": {
        "node": ">= 0.4"
      },
      "funding": {
        "url": "https://github.com/sponsors/ljharb"
      }
    },
    "node_modules/svelte": {
      "version": "3.57.0",
      "resolved": "https://registry.npmjs.org/svelte/-/svelte-3.57.0.tgz",
      "integrity": "sha512-WMXEvF+RtAaclw0t3bPDTUe19pplMlfyKDsixbHQYgCWi9+O9VN0kXU1OppzrB9gPAvz4NALuoca2LfW2bOjTQ==",
      "engines": {
        "node": ">= 8"
      }
    },
    "node_modules/svelte-hmr": {
      "version": "0.15.1",
      "resolved": "https://registry.npmjs.org/svelte-hmr/-/svelte-hmr-0.15.1.tgz",
      "integrity": "sha512-BiKB4RZ8YSwRKCNVdNxK/GfY+r4Kjgp9jCLEy0DuqAKfmQtpL38cQK3afdpjw4sqSs4PLi3jIPJIFp259NkZtA==",
      "dev": true,
      "engines": {
        "node": "^12.20 || ^14.13.1 || >= 16"
      },
      "peerDependencies": {
        "svelte": ">=3.19.0"
      }
    },
    "node_modules/svelte-navigator": {
      "version": "3.2.2",
      "resolved": "https://registry.npmjs.org/svelte-navigator/-/svelte-navigator-3.2.2.tgz",
      "integrity": "sha512-Xio4ohLUG1nQJ+ENNbLphXXu9L189fnI1WGg+2Q3CIMPe8Jm2ipytKQthdBs8t0mN7p3Eb03SE9hq0xZAqwQNQ==",
      "hasInstallScript": true,
      "dependencies": {
        "svelte2tsx": "^0.1.151"
      },
      "peerDependencies": {
        "svelte": "3.x"
      }
    },
    "node_modules/svelte2tsx": {
      "version": "0.1.193",
      "resolved": "https://registry.npmjs.org/svelte2tsx/-/svelte2tsx-0.1.193.tgz",
      "integrity": "sha512-vzy4YQNYDnoqp2iZPnJy7kpPAY6y121L0HKrSBjU/IWW7DQ6T7RMJed2VVHFmVYm0zAGYMDl9urPc6R4DDUyhg==",
      "dependencies": {
        "dedent-js": "^1.0.1",
        "pascal-case": "^3.1.1"
      },
      "peerDependencies": {
        "svelte": "^3.24",
        "typescript": "^4.1.2"
      }
    },
    "node_modules/tslib": {
      "version": "2.5.0",
      "resolved": "https://registry.npmjs.org/tslib/-/tslib-2.5.0.tgz",
      "integrity": "sha512-336iVw3rtn2BUK7ORdIAHTyxHGRIHVReokCR3XjbckJMK7ms8FysBfhLR8IXnAgy7T0PTPNBWKiH514FOW/WSg=="
    },
    "node_modules/typescript": {
      "version": "4.9.5",
      "resolved": "https://registry.npmjs.org/typescript/-/typescript-4.9.5.tgz",
      "integrity": "sha512-1FXk9E2Hm+QzZQ7z+McJiHL4NW1F2EzMu9Nq9i3zAaGqibafqYwCVU6WyWAuyQRRzOlxou8xZSyXLEN8oKj24g==",
      "peer": true,
      "bin": {
        "tsc": "bin/tsc",
        "tsserver": "bin/tsserver"
      },
      "engines": {
        "node": ">=4.2.0"
      }
    },
    "node_modules/update-browserslist-db": {
      "version": "1.0.10",
      "resolved": "https://registry.npmjs.org/update-browserslist-db/-/update-browserslist-db-1.0.10.tgz",
      "integrity": "sha512-OztqDenkfFkbSG+tRxBeAnCVPckDBcvibKd35yDONx6OU8N7sqgwc7rCbkJ/WcYtVRZ4ba68d6byhC21GFh7sQ==",
      "dev": true,
      "funding": [
        {
          "type": "opencollective",
          "url": "https://opencollective.com/browserslist"
        },
        {
          "type": "tidelift",
          "url": "https://tidelift.com/funding/github/npm/browserslist"
        }
      ],
      "dependencies": {
        "escalade": "^3.1.1",
        "picocolors": "^1.0.0"
      },
      "bin": {
        "browserslist-lint": "cli.js"
      },
      "peerDependencies": {
        "browserslist": ">= 4.21.0"
      }
    },
    "node_modules/util-deprecate": {
      "version": "1.0.2",
      "resolved": "https://registry.npmjs.org/util-deprecate/-/util-deprecate-1.0.2.tgz",
      "integrity": "sha512-EPD5q1uXyFxJpCrLnCc1nHnq3gOa6DZBocAIiI2TaSCA7VCJ1UJDMagCzIkXNsUYfD1daK//LTEQ8xiIbrHtcw==",
      "dev": true
    },
    "node_modules/vite": {
      "version": "4.2.1",
      "resolved": "https://registry.npmjs.org/vite/-/vite-4.2.1.tgz",
      "integrity": "sha512-7MKhqdy0ISo4wnvwtqZkjke6XN4taqQ2TBaTccLIpOKv7Vp2h4Y+NpmWCnGDeSvvn45KxvWgGyb0MkHvY1vgbg==",
      "dev": true,
      "dependencies": {
        "esbuild": "^0.17.5",
        "postcss": "^8.4.21",
        "resolve": "^1.22.1",
        "rollup": "^3.18.0"
      },
      "bin": {
        "vite": "bin/vite.js"
      },
      "engines": {
        "node": "^14.18.0 || >=16.0.0"
      },
      "optionalDependencies": {
        "fsevents": "~2.3.2"
      },
      "peerDependencies": {
        "@types/node": ">= 14",
        "less": "*",
        "sass": "*",
        "stylus": "*",
        "sugarss": "*",
        "terser": "^5.4.0"
      },
      "peerDependenciesMeta": {
        "@types/node": {
          "optional": true
        },
        "less": {
          "optional": true
        },
        "sass": {
          "optional": true
        },
        "stylus": {
          "optional": true
        },
        "sugarss": {
          "optional": true
        },
        "terser": {
          "optional": true
        }
      }
    },
    "node_modules/vitefu": {
      "version": "0.2.4",
      "resolved": "https://registry.npmjs.org/vitefu/-/vitefu-0.2.4.tgz",
      "integrity": "sha512-fanAXjSaf9xXtOOeno8wZXIhgia+CZury481LsDaV++lSvcU2R9Ch2bPh3PYFyoHW+w9LqAeYRISVQjUIew14g==",
      "dev": true,
      "peerDependencies": {
        "vite": "^3.0.0 || ^4.0.0"
      },
      "peerDependenciesMeta": {
        "vite": {
          "optional": true
        }
      }
    }
  }
}
